
Microsoft Visual Studio Solution File, Format Version 12.00
Project("{FAE04EC0-301F-11D3-BF4B-00C04F79EFBC}") = "ConsoleApp", "ConsoleApp\ConsoleApp.csproj", "{BB15CC0C-A592-47FF-8905-E388ABAE350D}"
EndProject
Project("{FAE04EC0-301F-11D3-BF4B-00C04F79EFBC}") = "TimeLibrary", "TimeLibrary\TimeLibrary.csproj", "{F71F2C08-CEF4-4994-BF89-5039602F7BEB}"
EndProject
Project("{FAE04EC0-301F-11D3-BF4B-00C04F79EFBC}") = "Demo", "Demo\Demo.csproj", "{2C29781F-D20A-4C81-8E65-FE0B0215F875}"
EndProject
Project("{FAE04EC0-301F-11D3-BF4B-00C04F79EFBC}") = "Testing", "Testing\Testing.csproj", "{DE163085-4315-43F3-A249-B43672B422C2}"
EndProject
Global
	GlobalSection(SolutionConfigurationPlatforms) = preSolution
		Debug|Any CPU = Debug|Any CPU
		Release|Any CPU = Release|Any CPU
	EndGlobalSection
	GlobalSection(ProjectConfigurationPlatforms) = postSolution
		{BB15CC0C-A592-47FF-8905-E388ABAE350D}.Debug|Any CPU.ActiveCfg = Debug|Any CPU
		{BB15CC0C-A592-47FF-8905-E388ABAE350D}.Debug|Any CPU.Build.0 = Debug|Any CPU
		{BB15CC0C-A592-47FF-8905-E388ABAE350D}.Release|Any CPU.ActiveCfg = Release|Any CPU
		{BB15CC0C-A592-47FF-8905-E388ABAE350D}.Release|Any CPU.Build.0 = Release|Any CPU
		{F71F2C08-CEF4-4994-BF89-5039602F7BEB}.Debug|Any CPU.ActiveCfg = Debug|Any CPU
		{F71F2C08-CEF4-4994-BF89-5039602F7BEB}.Debug|Any CPU.Build.0 = Debug|Any CPU
		{F71F2C08-CEF4-4994-BF89-5039602F7BEB}.Release|Any CPU.ActiveCfg = Release|Any CPU
		{F71F2C08-CEF4-4994-BF89-5039602F7BEB}.Release|Any CPU.Build.0 = Release|Any CPU
		{2C29781F-D20A-4C81-8E65-FE0B0215F875}.Debug|Any CPU.ActiveCfg = Debug|Any CPU
		{2C29781F-D20A-4C81-8E65-FE0B0215F875}.Debug|Any CPU.Build.0 = Debug|Any CPU
		{2C29781F-D20A-4C81-8E65-FE0B0215F875}.Release|Any CPU.ActiveCfg = Release|Any CPU
		{2C29781F-D20A-4C81-8E65-FE0B0215F875}.Release|Any CPU.Build.0 = Release|Any CPU
		{DE163085-4315-43F3-A249-B43672B422C2}.Debug|Any CPU.ActiveCfg = Debug|Any CPU
		{DE163085-4315-43F3-A249-B43672B422C2}.Debug|Any CPU.Build.0 = Debug|Any CPU
		{DE163085-4315-43F3-A249-B43672B422C2}.Release|Any CPU.ActiveCfg = Release|Any CPU
		{DE163085-4315-43F3-A249-B43672B422C2}.Release|Any CPU.Build.0 = Release|Any CPU
	EndGlobalSection
EndGlobal
